
Microsoft Visual Studio Solution File, Format Version 12.00
# Visual Studio Version 16
VisualStudioVersion = 16.0.29418.71
MinimumVisualStudioVersion = 10.0.40219.1
Project("{9A19103F-16F7-4668-BE54-9A1E7A4F7556}") = "VirtualLibraryApplication", "src\VirtualLibraryApplication.csproj", "{D4320197-2A2D-4790-AFF2-F37350244E90}"
EndProject
Project("{9A19103F-16F7-4668-BE54-9A1E7A4F7556}") = "VirtualLibraryTests", "tests\VirtualLibraryTests\VirtualLibraryTests.csproj", "{F91F06B2-D03C-4D4B-91FD-7B45B6135C8F}"
EndProject
Global
	GlobalSection(SolutionConfigurationPlatforms) = preSolution
		Debug|Any CPU = Debug|Any CPU
		Release|Any CPU = Release|Any CPU
	EndGlobalSection
	GlobalSection(ProjectConfigurationPlatforms) = postSolution
		{D4320197-2A2D-4790-AFF2-F37350244E90}.Debug|Any CPU.ActiveCfg = Debug|Any CPU
		{D4320197-2A2D-4790-AFF2-F37350244E90}.Debug|Any CPU.Build.0 = Debug|Any CPU
		{D4320197-2A2D-4790-AFF2-F37350244E90}.Release|Any CPU.ActiveCfg = Release|Any CPU
		{D4320197-2A2D-4790-AFF2-F37350244E90}.Release|Any CPU.Build.0 = Release|Any CPU
		{F91F06B2-D03C-4D4B-91FD-7B45B6135C8F}.Debug|Any CPU.ActiveCfg = Debug|Any CPU
		{F91F06B2-D03C-4D4B-91FD-7B45B6135C8F}.Debug|Any CPU.Build.0 = Debug|Any CPU
		{F91F06B2-D03C-4D4B-91FD-7B45B6135C8F}.Release|Any CPU.ActiveCfg = Release|Any CPU
		{F91F06B2-D03C-4D4B-91FD-7B45B6135C8F}.Release|Any CPU.Build.0 = Release|Any CPU
	EndGlobalSection
	GlobalSection(SolutionProperties) = preSolution
		HideSolutionNode = FALSE
	EndGlobalSection
	GlobalSection(ExtensibilityGlobals) = postSolution
		SolutionGuid = {2BBA9F56-7DE5-4AF1-BFC8-0F773297FE6B}
	EndGlobalSection
EndGlobal
